{
  "name": "attostore",
  "version": "0.5.2",
  "lockfileVersion": 1,
  "dependencies": {
    "@types/node": {
      "version": "8.0.12",
      "resolved": "https://registry.npmjs.org/@types/node/-/node-8.0.12.tgz",
      "integrity": "sha512-bOHB8JVXCDgAkPWF0LWy4Qeuh75ZlpolWSB2mmwoEPtvCgYurWMvTzHNkfs/sCBxmDYavFJX7gniRFa6Jb/gEw==",
      "dev": true
    },
    "cotest": {
      "version": "2.1.1",
      "resolved": "https://registry.npmjs.org/cotest/-/cotest-2.1.1.tgz",
      "integrity": "sha1-771p/nN/Td+eJihoHIFFnO5ektU=",
      "dev": true
    }
  }
}
