{
  "name": "json-store",
  "version": "0.0.1",
  "lockfileVersion": 1,
  "dependencies": {
    "acorn": {
      "version": "5.0.3",
      "resolved": "https://registry.npmjs.org/acorn/-/acorn-5.0.3.tgz",
      "integrity": "sha1-xGDfCEkUY/AozLguqzcwvwEIez0=",
      "dev": true
    },
    "cotest": {
      "version": "2.1.1",
      "resolved": "https://registry.npmjs.org/cotest/-/cotest-2.1.1.tgz",
      "integrity": "sha1-771p/nN/Td+eJihoHIFFnO5ektU=",
      "dev": true
    },
    "minipass": {
      "version": "2.0.2",
      "resolved": "https://registry.npmjs.org/minipass/-/minipass-2.0.2.tgz",
      "integrity": "sha512-DtFmHGmqDzlw/iUypeGvwFSbP3n7R6S0wcJ1GiQkKxM1aQigmCUaQLOT2fGQGNwZCKdqxTtC2NN5FzEWFiz+KA==",
      "dev": true
    },
    "minizlib": {
      "version": "1.0.3",
      "resolved": "https://registry.npmjs.org/minizlib/-/minizlib-1.0.3.tgz",
      "integrity": "sha1-1cGr93vhVGGZUuJTM27Mq5sqMvU=",
      "dev": true
    },
    "reify": {
      "version": "0.11.24",
      "resolved": "https://registry.npmjs.org/reify/-/reify-0.11.24.tgz",
      "integrity": "sha1-QR+5C99Vxfobx9l2vrCdyVQBif4=",
      "dev": true
    },
    "rollup": {
      "version": "0.43.0",
      "resolved": "https://registry.npmjs.org/rollup/-/rollup-0.43.0.tgz",
      "integrity": "sha512-XqpEPAMHCJ4VcT95ApyGQC7MncjGcG6UtcU5geONqPfN2uAROGmJDE3cOi325S19rhklbM+BXIHNX35l+1zmAg==",
      "dev": true
    },
    "semver": {
      "version": "5.3.0",
      "resolved": "https://registry.npmjs.org/semver/-/semver-5.3.0.tgz",
      "integrity": "sha1-myzl094C0XxgEq0yaqa00M9U+U8=",
      "dev": true
    },
    "source-map": {
      "version": "0.5.6",
      "resolved": "https://registry.npmjs.org/source-map/-/source-map-0.5.6.tgz",
      "integrity": "sha1-dc449SvwczxafwwRjYEzSiu19BI=",
      "dev": true
    },
    "source-map-support": {
      "version": "0.4.15",
      "resolved": "https://registry.npmjs.org/source-map-support/-/source-map-support-0.4.15.tgz",
      "integrity": "sha1-AyAt9lwG0r2MfsI2KhkwVv7407E=",
      "dev": true
    },
    "yallist": {
      "version": "3.0.2",
      "resolved": "https://registry.npmjs.org/yallist/-/yallist-3.0.2.tgz",
      "integrity": "sha1-hFK0u36Dx8GI2AQcGoN8dz1ti7k=",
      "dev": true
    }
  }
}
